
Microsoft Visual Studio Solution File, Format Version 12.00
# Visual Studio Version 17
VisualStudioVersion = 17.7.34031.279
MinimumVisualStudioVersion = 10.0.40219.1
Project("{FAE04EC0-301F-11D3-BF4B-00C04F79EFBC}") = "Day08", "Day08.csproj", "{E4EFE4C7-98FF-4A96-98D7-E9B5DDA04172}"
EndProject
Global
	GlobalSection(SolutionConfigurationPlatforms) = preSolution
		Debug|Any CPU = Debug|Any CPU
		Release|Any CPU = Release|Any CPU
	EndGlobalSection
	GlobalSection(ProjectConfigurationPlatforms) = postSolution
		{E4EFE4C7-98FF-4A96-98D7-E9B5DDA04172}.Debug|Any CPU.ActiveCfg = Debug|Any CPU
		{E4EFE4C7-98FF-4A96-98D7-E9B5DDA04172}.Debug|Any CPU.Build.0 = Debug|Any CPU
		{E4EFE4C7-98FF-4A96-98D7-E9B5DDA04172}.Release|Any CPU.ActiveCfg = Release|Any CPU
		{E4EFE4C7-98FF-4A96-98D7-E9B5DDA04172}.Release|Any CPU.Build.0 = Release|Any CPU
	EndGlobalSection
	GlobalSection(SolutionProperties) = preSolution
		HideSolutionNode = FALSE
	EndGlobalSection
	GlobalSection(ExtensibilityGlobals) = postSolution
		SolutionGuid = {41530926-99BB-4CFE-BE67-1C1496DA9955}
	EndGlobalSection
EndGlobal
