
Microsoft Visual Studio Solution File, Format Version 12.00
# Visual Studio Version 17
VisualStudioVersion = 17.7.34031.279
MinimumVisualStudioVersion = 10.0.40219.1
Project("{FAE04EC0-301F-11D3-BF4B-00C04F79EFBC}") = "Day03", "Day03.csproj", "{8A164705-FB24-4DD4-8EB9-449BA2598545}"
EndProject
Global
	GlobalSection(SolutionConfigurationPlatforms) = preSolution
		Debug|Any CPU = Debug|Any CPU
		Release|Any CPU = Release|Any CPU
	EndGlobalSection
	GlobalSection(ProjectConfigurationPlatforms) = postSolution
		{8A164705-FB24-4DD4-8EB9-449BA2598545}.Debug|Any CPU.ActiveCfg = Debug|Any CPU
		{8A164705-FB24-4DD4-8EB9-449BA2598545}.Debug|Any CPU.Build.0 = Debug|Any CPU
		{8A164705-FB24-4DD4-8EB9-449BA2598545}.Release|Any CPU.ActiveCfg = Release|Any CPU
		{8A164705-FB24-4DD4-8EB9-449BA2598545}.Release|Any CPU.Build.0 = Release|Any CPU
	EndGlobalSection
	GlobalSection(SolutionProperties) = preSolution
		HideSolutionNode = FALSE
	EndGlobalSection
	GlobalSection(ExtensibilityGlobals) = postSolution
		SolutionGuid = {18C09BA3-F698-492E-AA74-5C1DA00DC470}
	EndGlobalSection
EndGlobal
